{
  "name": "iobroker.zabbix",
  "version": "0.0.3",
  "lockfileVersion": 1,
  "requires": true,
  "dependencies": {
    "@iobroker/adapter-core": {
      "version": "2.2.1",
      "resolved": "https://registry.npmjs.org/@iobroker/adapter-core/-/adapter-core-2.2.1.tgz",
      "integrity": "sha512-3jVDeRb2zbyl5OvpdU+/FrLyf59q95Ga6UQy96G+5ghq7TzyifVa0XVqbOjULkSZ54U+jqoO0V/AhJEXiXNthg==",
      "requires": {
        "@types/iobroker": "2.2.1"
      },
      "dependencies": {
        "@types/iobroker": {
          "version": "2.2.1",
          "resolved": "https://registry.npmjs.org/@types/iobroker/-/iobroker-2.2.1.tgz",
          "integrity": "sha512-UMLkmBPS74G+FbU9wyAl9nDPk9wVMdg4E7yzI24AZo9hu2ibLgGUvsmIaZsw+md36DNcCPmS7U7HlgY7z8gbkg==",
          "requires": {
            "@types/node": "10.17.13"
          }
        }
      }
    },
    "@types/node": {
      "version": "10.17.13",
      "resolved": "https://registry.npmjs.org/@types/node/-/node-10.17.13.tgz",
      "integrity": "sha512-pMCcqU2zT4TjqYFrWtYHKal7Sl30Ims6ulZ4UFXxI4xbtQqK/qqKwkDoBFCfooRqqmRu9vY3xaJRwxSh673aYg=="
    },
    "zabbix-promise": {
      "version": "2.0.2",
      "resolved": "https://registry.npmjs.org/zabbix-promise/-/zabbix-promise-2.0.2.tgz",
      "integrity": "sha512-NHyAj6oEp3EyIVJssxkmyV1ZehBEq03P/4fWFx+0CuY46nh0u55YdA0XXRzziItJeQy6LIBbQ2ln44SJB1prUA=="
    }
  }
}
